
Microsoft Visual Studio Solution File, Format Version 12.00
# Visual Studio Version 17
VisualStudioVersion = 17.4.33213.308
MinimumVisualStudioVersion = 10.0.40219.1
Project("{9A19103F-16F7-4668-BE54-9A1E7A4F7556}") = "P2Place_Webdev", "P2Place_Webdev\P2Place_Webdev.csproj", "{D3D20437-E0E1-44A9-8F66-29E0798336B3}"
EndProject
Global
	GlobalSection(SolutionConfigurationPlatforms) = preSolution
		Debug|Any CPU = Debug|Any CPU
		Release|Any CPU = Release|Any CPU
	EndGlobalSection
	GlobalSection(ProjectConfigurationPlatforms) = postSolution
		{D3D20437-E0E1-44A9-8F66-29E0798336B3}.Debug|Any CPU.ActiveCfg = Debug|Any CPU
		{D3D20437-E0E1-44A9-8F66-29E0798336B3}.Debug|Any CPU.Build.0 = Debug|Any CPU
		{D3D20437-E0E1-44A9-8F66-29E0798336B3}.Release|Any CPU.ActiveCfg = Release|Any CPU
		{D3D20437-E0E1-44A9-8F66-29E0798336B3}.Release|Any CPU.Build.0 = Release|Any CPU
	EndGlobalSection
	GlobalSection(SolutionProperties) = preSolution
		HideSolutionNode = FALSE
	EndGlobalSection
	GlobalSection(ExtensibilityGlobals) = postSolution
		SolutionGuid = {D0C5E456-469D-4291-AC48-4DD0CFE14039}
	EndGlobalSection
EndGlobal
